// !$*UTF8*$!
{
	archiveVersion = 1;
	classes = {
	};
	objectVersion = 48;
	objects = {

/* Begin PBXBuildFile section */
		074F11EB178A00B1008DA736 /* STSecretViewController.m in Sources */ = {isa = PBXBuildFile; fileRef = 074F11EA178A00B1008DA736 /* STSecretViewController.m */; };
		07527CA21745BDA3002559D2 /* SecretUnlock.mp3 in Resources */ = {isa = PBXBuildFile; fileRef = 07527CA11745BDA3002559D2 /* SecretUnlock.mp3 */; };
		07C02DFB1745891E0015DA69 /* YLTapPatternRecognizer.m in Sources */ = {isa = PBXBuildFile; fileRef = 07C02DFA1745891E0015DA69 /* YLTapPatternRecognizer.m */; };
		07D77953178A45990005A1E8 /* STSequenceView.m in Sources */ = {isa = PBXBuildFile; fileRef = 07D77952178A45990005A1E8 /* STSequenceView.m */; };
		07D77958178A5AEE0005A1E8 /* CoreGraphics.framework in Frameworks */ = {isa = PBXBuildFile; fileRef = 07D77956178A5ADF0005A1E8 /* CoreGraphics.framework */; };
		07D77959178A5AEE0005A1E8 /* QuartzCore.framework in Frameworks */ = {isa = PBXBuildFile; fileRef = 07D77954178A5AD90005A1E8 /* QuartzCore.framework */; };
		07E0C49717933B8B0065EF05 /* AudioToolbox.framework in Frameworks */ = {isa = PBXBuildFile; fileRef = 07E0C49517933B840065EF05 /* AudioToolbox.framework */; };
		07E92D53170BAE5200402366 /* UIKit.framework in Frameworks */ = {isa = PBXBuildFile; fileRef = 07E92D52170BAE5200402366 /* UIKit.framework */; };
		07E92D55170BAE5200402366 /* Foundation.framework in Frameworks */ = {isa = PBXBuildFile; fileRef = 07E92D54170BAE5200402366 /* Foundation.framework */; };
		07E92D5F170BAE5200402366 /* main.m in Sources */ = {isa = PBXBuildFile; fileRef = 07E92D5E170BAE5200402366 /* main.m */; };
		07E92D63170BAE5300402366 /* STAppDelegate.m in Sources */ = {isa = PBXBuildFile; fileRef = 07E92D62170BAE5200402366 /* STAppDelegate.m */; };
		07E92D6C170BAE5300402366 /* MainStoryboard.storyboard in Resources */ = {isa = PBXBuildFile; fileRef = 07E92D6A170BAE5300402366 /* MainStoryboard.storyboard */; };
		07E92D72170BAE5300402366 /* STMainViewController.m in Sources */ = {isa = PBXBuildFile; fileRef = 07E92D71170BAE5300402366 /* STMainViewController.m */; };
		AEC8F2C7217449CA00F23E4D /* LaunchScreen.storyboard in Resources */ = {isa = PBXBuildFile; fileRef = AEC8F2BC217445E300F23E4D /* LaunchScreen.storyboard */; };
		AEC8F2C821744BDD00F23E4D /* Assets.xcassets in Resources */ = {isa = PBXBuildFile; fileRef = AEC8F2BA217445E300F23E4D /* Assets.xcassets */; };
/* End PBXBuildFile section */

/* Begin PBXFileReference section */
		074F11E9178A00B1008DA736 /* STSecretViewController.h */ = {isa = PBXFileReference; fileEncoding = 4; lastKnownFileType = sourcecode.c.h; path = STSecretViewController.h; sourceTree = "<group>"; };
		074F11EA178A00B1008DA736 /* STSecretViewController.m */ = {isa = PBXFileReference; fileEncoding = 4; lastKnownFileType = sourcecode.c.objc; path = STSecretViewController.m; sourceTree = "<group>"; };
		07527CA11745BDA3002559D2 /* SecretUnlock.mp3 */ = {isa = PBXFileReference; lastKnownFileType = audio.mp3; path = SecretUnlock.mp3; sourceTree = "<group>"; };
		07C02DF91745891E0015DA69 /* YLTapPatternRecognizer.h */ = {isa = PBXFileReference; fileEncoding = 4; lastKnownFileType = sourcecode.c.h; path = YLTapPatternRecognizer.h; sourceTree = "<group>"; };
		07C02DFA1745891E0015DA69 /* YLTapPatternRecognizer.m */ = {isa = PBXFileReference; fileEncoding = 4; lastKnownFileType = sourcecode.c.objc; path = YLTapPatternRecognizer.m; sourceTree = "<group>"; };
		07D77951178A45990005A1E8 /* STSequenceView.h */ = {isa = PBXFileReference; fileEncoding = 4; lastKnownFileType = sourcecode.c.h; path = STSequenceView.h; sourceTree = "<group>"; };
		07D77952178A45990005A1E8 /* STSequenceView.m */ = {isa = PBXFileReference; fileEncoding = 4; lastKnownFileType = sourcecode.c.objc; path = STSequenceView.m; sourceTree = "<group>"; };
		07D77954178A5AD90005A1E8 /* QuartzCore.framework */ = {isa = PBXFileReference; lastKnownFileType = wrapper.framework; name = QuartzCore.framework; path = System/Library/Frameworks/QuartzCore.framework; sourceTree = SDKROOT; };
		07D77956178A5ADF0005A1E8 /* CoreGraphics.framework */ = {isa = PBXFileReference; lastKnownFileType = wrapper.framework; name = CoreGraphics.framework; path = System/Library/Frameworks/CoreGraphics.framework; sourceTree = SDKROOT; };
		07E0C49517933B840065EF05 /* AudioToolbox.framework */ = {isa = PBXFileReference; lastKnownFileType = wrapper.framework; name = AudioToolbox.framework; path = System/Library/Frameworks/AudioToolbox.framework; sourceTree = SDKROOT; };
		07E92D4F170BAE5200402366 /* SecretTapDemo.app */ = {isa = PBXFileReference; explicitFileType = wrapper.application; includeInIndex = 0; path = SecretTapDemo.app; sourceTree = BUILT_PRODUCTS_DIR; };
		07E92D52170BAE5200402366 /* UIKit.framework */ = {isa = PBXFileReference; lastKnownFileType = wrapper.framework; name = UIKit.framework; path = System/Library/Frameworks/UIKit.framework; sourceTree = SDKROOT; };
		07E92D54170BAE5200402366 /* Foundation.framework */ = {isa = PBXFileReference; lastKnownFileType = wrapper.framework; name = Foundation.framework; path = System/Library/Frameworks/Foundation.framework; sourceTree = SDKROOT; };
		07E92D5A170BAE5200402366 /* SecretTapDemo-Info.plist */ = {isa = PBXFileReference; lastKnownFileType = text.plist.xml; path = "SecretTapDemo-Info.plist"; sourceTree = "<group>"; };
		07E92D5E170BAE5200402366 /* main.m */ = {isa = PBXFileReference; lastKnownFileType = sourcecode.c.objc; path = main.m; sourceTree = "<group>"; };
		07E92D60170BAE5200402366 /* SecretTapDemo-Prefix.pch */ = {isa = PBXFileReference; lastKnownFileType = sourcecode.c.h; path = "SecretTapDemo-Prefix.pch"; sourceTree = "<group>"; };
		07E92D61170BAE5200402366 /* STAppDelegate.h */ = {isa = PBXFileReference; lastKnownFileType = sourcecode.c.h; path = STAppDelegate.h; sourceTree = "<group>"; };
		07E92D62170BAE5200402366 /* STAppDelegate.m */ = {isa = PBXFileReference; lastKnownFileType = sourcecode.c.objc; path = STAppDelegate.m; sourceTree = "<group>"; };
		07E92D70170BAE5300402366 /* STMainViewController.h */ = {isa = PBXFileReference; lastKnownFileType = sourcecode.c.h; path = STMainViewController.h; sourceTree = "<group>"; };
		07E92D71170BAE5300402366 /* STMainViewController.m */ = {isa = PBXFileReference; lastKnownFileType = sourcecode.c.objc; path = STMainViewController.m; sourceTree = "<group>"; };
		AEC8F2BA217445E300F23E4D /* Assets.xcassets */ = {isa = PBXFileReference; lastKnownFileType = folder.assetcatalog; path = Assets.xcassets; sourceTree = "<group>"; };
		AEC8F2BD217445E300F23E4D /* Base */ = {isa = PBXFileReference; lastKnownFileType = file.storyboard; name = Base; path = Base.lproj/LaunchScreen.storyboard; sourceTree = "<group>"; };
		AEC8F2C52174465100F23E4D /* Base */ = {isa = PBXFileReference; lastKnownFileType = file.storyboard; name = Base; path = Base.lproj/MainStoryboard.storyboard; sourceTree = "<group>"; };
/* End PBXFileReference section */

/* Begin PBXFrameworksBuildPhase section */
		07E92D4C170BAE5200402366 /* Frameworks */ = {
			isa = PBXFrameworksBuildPhase;
			buildActionMask = 2147483647;
			files = (
				07E92D53170BAE5200402366 /* UIKit.framework in Frameworks */,
				07E92D55170BAE5200402366 /* Foundation.framework in Frameworks */,
				07D77958178A5AEE0005A1E8 /* CoreGraphics.framework in Frameworks */,
				07D77959178A5AEE0005A1E8 /* QuartzCore.framework in Frameworks */,
				07E0C49717933B8B0065EF05 /* AudioToolbox.framework in Frameworks */,
			);
			runOnlyForDeploymentPostprocessing = 0;
		};
/* End PBXFrameworksBuildPhase section */

/* Begin PBXGroup section */
		07C02DF81745891E0015DA69 /* TapPatternRecognizer */ = {
			isa = PBXGroup;
			children = (
				07C02DF91745891E0015DA69 /* YLTapPatternRecognizer.h */,
				07C02DFA1745891E0015DA69 /* YLTapPatternRecognizer.m */,
			);
			name = TapPatternRecognizer;
			path = ../TapPatternRecognizer;
			sourceTree = "<group>";
		};
		07E92D46170BAE5200402366 = {
			isa = PBXGroup;
			children = (
				07E92D58170BAE5200402366 /* Demo */,
				07C02DF81745891E0015DA69 /* TapPatternRecognizer */,
				07E92D51170BAE5200402366 /* Frameworks */,
				07E92D50170BAE5200402366 /* Products */,
			);
			sourceTree = "<group>";
		};
		07E92D50170BAE5200402366 /* Products */ = {
			isa = PBXGroup;
			children = (
				07E92D4F170BAE5200402366 /* SecretTapDemo.app */,
			);
			name = Products;
			sourceTree = "<group>";
		};
		07E92D51170BAE5200402366 /* Frameworks */ = {
			isa = PBXGroup;
			children = (
				07E0C49517933B840065EF05 /* AudioToolbox.framework */,
				07D77956178A5ADF0005A1E8 /* CoreGraphics.framework */,
				07E92D54170BAE5200402366 /* Foundation.framework */,
				07D77954178A5AD90005A1E8 /* QuartzCore.framework */,
				07E92D52170BAE5200402366 /* UIKit.framework */,
			);
			name = Frameworks;
			sourceTree = "<group>";
		};
		07E92D58170BAE5200402366 /* Demo */ = {
			isa = PBXGroup;
			children = (
				07E92D61170BAE5200402366 /* STAppDelegate.h */,
				07E92D62170BAE5200402366 /* STAppDelegate.m */,
				07E92D70170BAE5300402366 /* STMainViewController.h */,
				07E92D71170BAE5300402366 /* STMainViewController.m */,
				074F11E9178A00B1008DA736 /* STSecretViewController.h */,
				074F11EA178A00B1008DA736 /* STSecretViewController.m */,
				07D77951178A45990005A1E8 /* STSequenceView.h */,
				07D77952178A45990005A1E8 /* STSequenceView.m */,
				AEC8F2C62174477B00F23E4D /* Resources */,
				07E92D59170BAE5200402366 /* Supporting Files */,
			);
			name = Demo;
			path = SecretTapDemo;
			sourceTree = "<group>";
		};
		07E92D59170BAE5200402366 /* Supporting Files */ = {
			isa = PBXGroup;
			children = (
				07E92D5E170BAE5200402366 /* main.m */,
				07E92D5A170BAE5200402366 /* SecretTapDemo-Info.plist */,
				07E92D60170BAE5200402366 /* SecretTapDemo-Prefix.pch */,
			);
			name = "Supporting Files";
			sourceTree = "<group>";
		};
		AEC8F2C62174477B00F23E4D /* Resources */ = {
			isa = PBXGroup;
			children = (
				AEC8F2BA217445E300F23E4D /* Assets.xcassets */,
				AEC8F2BC217445E300F23E4D /* LaunchScreen.storyboard */,
				07E92D6A170BAE5300402366 /* MainStoryboard.storyboard */,
				07527CA11745BDA3002559D2 /* SecretUnlock.mp3 */,
			);
			name = Resources;
			sourceTree = "<group>";
		};
/* End PBXGroup section */

/* Begin PBXNativeTarget section */
		07E92D4E170BAE5200402366 /* SecretTapDemo */ = {
			isa = PBXNativeTarget;
			buildConfigurationList = 07E92D75170BAE5300402366 /* Build configuration list for PBXNativeTarget "SecretTapDemo" */;
			buildPhases = (
				07E92D4B170BAE5200402366 /* Sources */,
				07E92D4C170BAE5200402366 /* Frameworks */,
				07E92D4D170BAE5200402366 /* Resources */,
			);
			buildRules = (
			);
			dependencies = (
			);
			name = SecretTapDemo;
			productName = SecretTapGestureRecognizer;
			productReference = 07E92D4F170BAE5200402366 /* SecretTapDemo.app */;
			productType = "com.apple.product-type.application";
		};
/* End PBXNativeTarget section */

/* Begin PBXProject section */
		07E92D47170BAE5200402366 /* Project object */ = {
			isa = PBXProject;
			attributes = {
				CLASSPREFIX = ST;
				LastUpgradeCheck = 1000;
				ORGANIZATIONNAME = "Yeti Labs";
			};
			buildConfigurationList = 07E92D4A170BAE5200402366 /* Build configuration list for PBXProject "SecretTapDemo" */;
			compatibilityVersion = "Xcode 8.0";
			developmentRegion = English;
			hasScannedForEncodings = 0;
			knownRegions = (
				en,
				Base,
			);
			mainGroup = 07E92D46170BAE5200402366;
			productRefGroup = 07E92D50170BAE5200402366 /* Products */;
			projectDirPath = "";
			projectRoot = "";
			targets = (
				07E92D4E170BAE5200402366 /* SecretTapDemo */,
			);
		};
/* End PBXProject section */

/* Begin PBXResourcesBuildPhase section */
		07E92D4D170BAE5200402366 /* Resources */ = {
			isa = PBXResourcesBuildPhase;
			buildActionMask = 2147483647;
			files = (
				AEC8F2C7217449CA00F23E4D /* LaunchScreen.storyboard in Resources */,
				07E92D6C170BAE5300402366 /* MainStoryboard.storyboard in Resources */,
				AEC8F2C821744BDD00F23E4D /* Assets.xcassets in Resources */,
				07527CA21745BDA3002559D2 /* SecretUnlock.mp3 in Resources */,
			);
			runOnlyForDeploymentPostprocessing = 0;
		};
/* End PBXResourcesBuildPhase section */

/* Begin PBXSourcesBuildPhase section */
		07E92D4B170BAE5200402366 /* Sources */ = {
			isa = PBXSourcesBuildPhase;
			buildActionMask = 2147483647;
			files = (
				07E92D5F170BAE5200402366 /* main.m in Sources */,
				07E92D63170BAE5300402366 /* STAppDelegate.m in Sources */,
				07E92D72170BAE5300402366 /* STMainViewController.m in Sources */,
				07C02DFB1745891E0015DA69 /* YLTapPatternRecognizer.m in Sources */,
				074F11EB178A00B1008DA736 /* STSecretViewController.m in Sources */,
				07D77953178A45990005A1E8 /* STSequenceView.m in Sources */,
			);
			runOnlyForDeploymentPostprocessing = 0;
		};
/* End PBXSourcesBuildPhase section */

/* Begin PBXVariantGroup section */
		07E92D6A170BAE5300402366 /* MainStoryboard.storyboard */ = {
			isa = PBXVariantGroup;
			children = (
				AEC8F2C52174465100F23E4D /* Base */,
			);
			name = MainStoryboard.storyboard;
			sourceTree = "<group>";
		};
		AEC8F2BC217445E300F23E4D /* LaunchScreen.storyboard */ = {
			isa = PBXVariantGroup;
			children = (
				AEC8F2BD217445E300F23E4D /* Base */,
			);
			name = LaunchScreen.storyboard;
			sourceTree = "<group>";
		};
/* End PBXVariantGroup section */

/* Begin XCBuildConfiguration section */
		07E92D73170BAE5300402366 /* Debug */ = {
			isa = XCBuildConfiguration;
			buildSettings = {
				ALWAYS_SEARCH_USER_PATHS = NO;
				CLANG_ANALYZER_GCD_PERFORMANCE = YES;
				CLANG_ENABLE_OBJC_ARC = YES;
				CLANG_WARN_ASSIGN_ENUM = YES;
				CLANG_WARN_BLOCK_CAPTURE_AUTORELEASING = YES;
				CLANG_WARN_BOOL_CONVERSION = YES;
				CLANG_WARN_COMMA = YES;
				CLANG_WARN_CONSTANT_CONVERSION = YES;
				CLANG_WARN_DEPRECATED_OBJC_IMPLEMENTATIONS = YES;
				CLANG_WARN_DOCUMENTATION_COMMENTS = YES;
				CLANG_WARN_EMPTY_BODY = YES;
				CLANG_WARN_ENUM_CONVERSION = YES;
				CLANG_WARN_INFINITE_RECURSION = YES;
				CLANG_WARN_INT_CONVERSION = YES;
				CLANG_WARN_NON_LITERAL_NULL_CONVERSION = YES;
				CLANG_WARN_OBJC_EXPLICIT_OWNERSHIP_TYPE = YES;
				CLANG_WARN_OBJC_IMPLICIT_ATOMIC_PROPERTIES = YES;
				CLANG_WARN_OBJC_IMPLICIT_RETAIN_SELF = YES;
				CLANG_WARN_OBJC_INTERFACE_IVARS = YES;
				CLANG_WARN_OBJC_LITERAL_CONVERSION = YES;
				CLANG_WARN_RANGE_LOOP_ANALYSIS = YES;
				CLANG_WARN_SEMICOLON_BEFORE_METHOD_BODY = YES;
				CLANG_WARN_STRICT_PROTOTYPES = YES;
				CLANG_WARN_SUSPICIOUS_MOVE = YES;
				CLANG_WARN_UNREACHABLE_CODE = YES;
				CLANG_WARN__DUPLICATE_METHOD_MATCH = YES;
				"CODE_SIGN_IDENTITY[sdk=iphoneos*]" = "iPhone Developer";
				COPY_PHASE_STRIP = NO;
				ENABLE_STRICT_OBJC_MSGSEND = YES;
				ENABLE_TESTABILITY = YES;
				GCC_NO_COMMON_BLOCKS = YES;
				GCC_OPTIMIZATION_LEVEL = 0;
				GCC_PREPROCESSOR_DEFINITIONS = (
					"DEBUG=1",
					"$(inherited)",
				);
				GCC_SYMBOLS_PRIVATE_EXTERN = NO;
				GCC_WARN_64_TO_32_BIT_CONVERSION = YES;
				GCC_WARN_ABOUT_MISSING_FIELD_INITIALIZERS = YES;
				GCC_WARN_ABOUT_RETURN_TYPE = YES;
				GCC_WARN_INITIALIZER_NOT_FULLY_BRACKETED = YES;
				GCC_WARN_SHADOW = YES;
				GCC_WARN_SIGN_COMPARE = YES;
				GCC_WARN_UNDECLARED_SELECTOR = YES;
				GCC_WARN_UNINITIALIZED_AUTOS = YES;
				GCC_WARN_UNKNOWN_PRAGMAS = YES;
				GCC_WARN_UNUSED_FUNCTION = YES;
				GCC_WARN_UNUSED_LABEL = YES;
				GCC_WARN_UNUSED_VARIABLE = YES;
				IPHONEOS_DEPLOYMENT_TARGET = 8.0;
				ONLY_ACTIVE_ARCH = YES;
				SDKROOT = iphoneos;
				TARGETED_DEVICE_FAMILY = "1,2";
			};
			name = Debug;
		};
		07E92D74170BAE5300402366 /* Release */ = {
			isa = XCBuildConfiguration;
			buildSettings = {
				ALWAYS_SEARCH_USER_PATHS = NO;
				CLANG_ANALYZER_GCD_PERFORMANCE = YES;
				CLANG_ENABLE_OBJC_ARC = YES;
				CLANG_WARN_ASSIGN_ENUM = YES;
				CLANG_WARN_BLOCK_CAPTURE_AUTORELEASING = YES;
				CLANG_WARN_BOOL_CONVERSION = YES;
				CLANG_WARN_COMMA = YES;
				CLANG_WARN_CONSTANT_CONVERSION = YES;
				CLANG_WARN_DEPRECATED_OBJC_IMPLEMENTATIONS = YES;
				CLANG_WARN_DOCUMENTATION_COMMENTS = YES;
				CLANG_WARN_EMPTY_BODY = YES;
				CLANG_WARN_ENUM_CONVERSION = YES;
				CLANG_WARN_INFINITE_RECURSION = YES;
				CLANG_WARN_INT_CONVERSION = YES;
				CLANG_WARN_NON_LITERAL_NULL_CONVERSION = YES;
				CLANG_WARN_OBJC_EXPLICIT_OWNERSHIP_TYPE = YES;
				CLANG_WARN_OBJC_IMPLICIT_ATOMIC_PROPERTIES = YES;
				CLANG_WARN_OBJC_IMPLICIT_RETAIN_SELF = YES;
				CLANG_WARN_OBJC_INTERFACE_IVARS = YES;
				CLANG_WARN_OBJC_LITERAL_CONVERSION = YES;
				CLANG_WARN_RANGE_LOOP_ANALYSIS = YES;
				CLANG_WARN_SEMICOLON_BEFORE_METHOD_BODY = YES;
				CLANG_WARN_STRICT_PROTOTYPES = YES;
				CLANG_WARN_SUSPICIOUS_MOVE = YES;
				CLANG_WARN_UNREACHABLE_CODE = YES;
				CLANG_WARN__DUPLICATE_METHOD_MATCH = YES;
				"CODE_SIGN_IDENTITY[sdk=iphoneos*]" = "iPhone Developer";
				COPY_PHASE_STRIP = YES;
				ENABLE_STRICT_OBJC_MSGSEND = YES;
				GCC_NO_COMMON_BLOCKS = YES;
				GCC_WARN_64_TO_32_BIT_CONVERSION = YES;
				GCC_WARN_ABOUT_MISSING_FIELD_INITIALIZERS = YES;
				GCC_WARN_ABOUT_RETURN_TYPE = YES;
				GCC_WARN_INITIALIZER_NOT_FULLY_BRACKETED = YES;
				GCC_WARN_SHADOW = YES;
				GCC_WARN_SIGN_COMPARE = YES;
				GCC_WARN_UNDECLARED_SELECTOR = YES;
				GCC_WARN_UNINITIALIZED_AUTOS = YES;
				GCC_WARN_UNKNOWN_PRAGMAS = YES;
				GCC_WARN_UNUSED_FUNCTION = YES;
				GCC_WARN_UNUSED_LABEL = YES;
				GCC_WARN_UNUSED_VARIABLE = YES;
				IPHONEOS_DEPLOYMENT_TARGET = 8.0;
				OTHER_CFLAGS = "-DNS_BLOCK_ASSERTIONS=1";
				RUN_CLANG_STATIC_ANALYZER = YES;
				SDKROOT = iphoneos;
				TARGETED_DEVICE_FAMILY = "1,2";
				VALIDATE_PRODUCT = YES;
			};
			name = Release;
		};
		07E92D76170BAE5300402366 /* Debug */ = {
			isa = XCBuildConfiguration;
			buildSettings = {
				ASSETCATALOG_COMPILER_APPICON_NAME = AppIcon;
				GCC_PRECOMPILE_PREFIX_HEADER = YES;
				GCC_PREFIX_HEADER = "SecretTapDemo/SecretTapDemo-Prefix.pch";
				INFOPLIST_FILE = "SecretTapDemo/SecretTapDemo-Info.plist";
				PRODUCT_BUNDLE_IDENTIFIER = "org.yetilabs.${PRODUCT_NAME:rfc1034identifier}";
				PRODUCT_NAME = "$(TARGET_NAME)";
				WRAPPER_EXTENSION = app;
			};
			name = Debug;
		};
		07E92D77170BAE5300402366 /* Release */ = {
			isa = XCBuildConfiguration;
			buildSettings = {
				ASSETCATALOG_COMPILER_APPICON_NAME = AppIcon;
				GCC_PRECOMPILE_PREFIX_HEADER = YES;
				GCC_PREFIX_HEADER = "SecretTapDemo/SecretTapDemo-Prefix.pch";
				INFOPLIST_FILE = "SecretTapDemo/SecretTapDemo-Info.plist";
				PRODUCT_BUNDLE_IDENTIFIER = "org.yetilabs.${PRODUCT_NAME:rfc1034identifier}";
				PRODUCT_NAME = "$(TARGET_NAME)";
				WRAPPER_EXTENSION = app;
			};
			name = Release;
		};
/* End XCBuildConfiguration section */

/* Begin XCConfigurationList section */
		07E92D4A170BAE5200402366 /* Build configuration list for PBXProject "SecretTapDemo" */ = {
			isa = XCConfigurationList;
			buildConfigurations = (
				07E92D73170BAE5300402366 /* Debug */,
				07E92D74170BAE5300402366 /* Release */,
			);
			defaultConfigurationIsVisible = 0;
			defaultConfigurationName = Release;
		};
		07E92D75170BAE5300402366 /* Build configuration list for PBXNativeTarget "SecretTapDemo" */ = {
			isa = XCConfigurationList;
			buildConfigurations = (
				07E92D76170BAE5300402366 /* Debug */,
				07E92D77170BAE5300402366 /* Release */,
			);
			defaultConfigurationIsVisible = 0;
			defaultConfigurationName = Release;
		};
/* End XCConfigurationList section */
	};
	rootObject = 07E92D47170BAE5200402366 /* Project object */;
}
